
Microsoft Visual Studio Solution File, Format Version 12.00
# Visual Studio Version 17
VisualStudioVersion = 17.0.31903.59
MinimumVisualStudioVersion = 10.0.40219.1
Project("{2150E333-8FDC-42A3-9474-1A3956D46DE8}") = "src", "src", "{827E0CD3-B72D-47B6-A68D-7590B98EB39B}"
EndProject
Project("{FAE04EC0-301F-11D3-BF4B-00C04F79EFBC}") = "Focus", "src\Focus\Focus.csproj", "{01A2663E-2063-4E7F-A1BF-E34B9211959F}"
EndProject
Project("{FAE04EC0-301F-11D3-BF4B-00C04F79EFBC}") = "Focus.Core", "src\Focus.Core\Focus.Core.csproj", "{2F47F403-9116-40A2-920B-89EE8912E99E}"
EndProject
Project("{FAE04EC0-301F-11D3-BF4B-00C04F79EFBC}") = "Focus.Tests", "tests\Focus.Tests\Focus.Tests.csproj", "{B26DC8AC-F4A7-44E8-B0F5-0C441AF5403F}"
EndProject
Global
	GlobalSection(SolutionConfigurationPlatforms) = preSolution
		Debug|Any CPU = Debug|Any CPU
		Debug|x64 = Debug|x64
		Debug|x86 = Debug|x86
		Release|Any CPU = Release|Any CPU
		Release|x64 = Release|x64
		Release|x86 = Release|x86
	EndGlobalSection
	GlobalSection(ProjectConfigurationPlatforms) = postSolution
		{01A2663E-2063-4E7F-A1BF-E34B9211959F}.Debug|Any CPU.ActiveCfg = Debug|Any CPU
		{01A2663E-2063-4E7F-A1BF-E34B9211959F}.Debug|Any CPU.Build.0 = Debug|Any CPU
		{01A2663E-2063-4E7F-A1BF-E34B9211959F}.Debug|x64.ActiveCfg = Debug|Any CPU
		{01A2663E-2063-4E7F-A1BF-E34B9211959F}.Debug|x64.Build.0 = Debug|Any CPU
		{01A2663E-2063-4E7F-A1BF-E34B9211959F}.Debug|x86.ActiveCfg = Debug|Any CPU
		{01A2663E-2063-4E7F-A1BF-E34B9211959F}.Debug|x86.Build.0 = Debug|Any CPU
		{01A2663E-2063-4E7F-A1BF-E34B9211959F}.Release|Any CPU.ActiveCfg = Release|Any CPU
		{01A2663E-2063-4E7F-A1BF-E34B9211959F}.Release|Any CPU.Build.0 = Release|Any CPU
		{01A2663E-2063-4E7F-A1BF-E34B9211959F}.Release|x64.ActiveCfg = Release|Any CPU
		{01A2663E-2063-4E7F-A1BF-E34B9211959F}.Release|x64.Build.0 = Release|Any CPU
		{01A2663E-2063-4E7F-A1BF-E34B9211959F}.Release|x86.ActiveCfg = Release|Any CPU
		{01A2663E-2063-4E7F-A1BF-E34B9211959F}.Release|x86.Build.0 = Release|Any CPU
		{2F47F403-9116-40A2-920B-89EE8912E99E}.Debug|Any CPU.ActiveCfg = Debug|Any CPU
		{2F47F403-9116-40A2-920B-89EE8912E99E}.Debug|Any CPU.Build.0 = Debug|Any CPU
		{2F47F403-9116-40A2-920B-89EE8912E99E}.Debug|x64.ActiveCfg = Debug|Any CPU
		{2F47F403-9116-40A2-920B-89EE8912E99E}.Debug|x64.Build.0 = Debug|Any CPU
		{2F47F403-9116-40A2-920B-89EE8912E99E}.Debug|x86.ActiveCfg = Debug|Any CPU
		{2F47F403-9116-40A2-920B-89EE8912E99E}.Debug|x86.Build.0 = Debug|Any CPU
		{2F47F403-9116-40A2-920B-89EE8912E99E}.Release|Any CPU.ActiveCfg = Release|Any CPU
		{2F47F403-9116-40A2-920B-89EE8912E99E}.Release|Any CPU.Build.0 = Release|Any CPU
		{2F47F403-9116-40A2-920B-89EE8912E99E}.Release|x64.ActiveCfg = Release|Any CPU
		{2F47F403-9116-40A2-920B-89EE8912E99E}.Release|x64.Build.0 = Release|Any CPU
		{2F47F403-9116-40A2-920B-89EE8912E99E}.Release|x86.ActiveCfg = Release|Any CPU
		{2F47F403-9116-40A2-920B-89EE8912E99E}.Release|x86.Build.0 = Release|Any CPU
		{B26DC8AC-F4A7-44E8-B0F5-0C441AF5403F}.Debug|Any CPU.ActiveCfg = Debug|Any CPU
		{B26DC8AC-F4A7-44E8-B0F5-0C441AF5403F}.Debug|Any CPU.Build.0 = Debug|Any CPU
		{B26DC8AC-F4A7-44E8-B0F5-0C441AF5403F}.Debug|x64.ActiveCfg = Debug|Any CPU
		{B26DC8AC-F4A7-44E8-B0F5-0C441AF5403F}.Debug|x64.Build.0 = Debug|Any CPU
		{B26DC8AC-F4A7-44E8-B0F5-0C441AF5403F}.Debug|x86.ActiveCfg = Debug|Any CPU
		{B26DC8AC-F4A7-44E8-B0F5-0C441AF5403F}.Debug|x86.Build.0 = Debug|Any CPU
		{B26DC8AC-F4A7-44E8-B0F5-0C441AF5403F}.Release|Any CPU.ActiveCfg = Release|Any CPU
		{B26DC8AC-F4A7-44E8-B0F5-0C441AF5403F}.Release|Any CPU.Build.0 = Release|Any CPU
		{B26DC8AC-F4A7-44E8-B0F5-0C441AF5403F}.Release|x64.ActiveCfg = Release|Any CPU
		{B26DC8AC-F4A7-44E8-B0F5-0C441AF5403F}.Release|x64.Build.0 = Release|Any CPU
		{B26DC8AC-F4A7-44E8-B0F5-0C441AF5403F}.Release|x86.ActiveCfg = Release|Any CPU
		{B26DC8AC-F4A7-44E8-B0F5-0C441AF5403F}.Release|x86.Build.0 = Release|Any CPU
	EndGlobalSection
	GlobalSection(SolutionProperties) = preSolution
		HideSolutionNode = FALSE
	EndGlobalSection
	GlobalSection(NestedProjects) = preSolution
		{01A2663E-2063-4E7F-A1BF-E34B9211959F} = {827E0CD3-B72D-47B6-A68D-7590B98EB39B}
		{2F47F403-9116-40A2-920B-89EE8912E99E} = {827E0CD3-B72D-47B6-A68D-7590B98EB39B}
		{B26DC8AC-F4A7-44E8-B0F5-0C441AF5403F} = {827E0CD3-B72D-47B6-A68D-7590B98EB39B}
	EndGlobalSection
EndGlobal
